
Microsoft Visual Studio Solution File, Format Version 12.00
# Visual Studio Version 17
VisualStudioVersion = 17.0.31903.59
MinimumVisualStudioVersion = 10.0.40219.1
Project("{2150E333-8FDC-42A3-9474-1A3956D46DE8}") = "src", "src", "{388C6E6A-2F72-4B0C-ABC3-80A3C0929EEE}"
EndProject
Project("{FAE04EC0-301F-11D3-BF4B-00C04F79EFBC}") = "LightsToFlag.Core", "src\LightsToFlag.Core\LightsToFlag.Core.csproj", "{F1C3CDAA-BB70-419E-BE9C-03837F5B3331}"
EndProject
Project("{FAE04EC0-301F-11D3-BF4B-00C04F79EFBC}") = "LightsToFlag.App", "src\LightsToFlag.App\LightsToFlag.App.csproj", "{A848A988-CCF7-4995-BA62-9A348F8CC6D4}"
EndProject
Project("{2150E333-8FDC-42A3-9474-1A3956D46DE8}") = "tests", "tests", "{CB88DC9E-935A-4466-9C47-2329ED5BA634}"
EndProject
Project("{FAE04EC0-301F-11D3-BF4B-00C04F79EFBC}") = "LightsToFlag.Tests", "tests\LightsToFlag.Tests\LightsToFlag.Tests.csproj", "{94A6A8D7-5F1C-4DC8-86C1-69A8283120F5}"
EndProject
Global
	GlobalSection(SolutionConfigurationPlatforms) = preSolution
		Debug|Any CPU = Debug|Any CPU
		Release|Any CPU = Release|Any CPU
	EndGlobalSection
	GlobalSection(SolutionProperties) = preSolution
		HideSolutionNode = FALSE
	EndGlobalSection
	GlobalSection(ProjectConfigurationPlatforms) = postSolution
		{F1C3CDAA-BB70-419E-BE9C-03837F5B3331}.Debug|Any CPU.ActiveCfg = Debug|Any CPU
		{F1C3CDAA-BB70-419E-BE9C-03837F5B3331}.Debug|Any CPU.Build.0 = Debug|Any CPU
		{F1C3CDAA-BB70-419E-BE9C-03837F5B3331}.Release|Any CPU.ActiveCfg = Release|Any CPU
		{F1C3CDAA-BB70-419E-BE9C-03837F5B3331}.Release|Any CPU.Build.0 = Release|Any CPU
		{A848A988-CCF7-4995-BA62-9A348F8CC6D4}.Debug|Any CPU.ActiveCfg = Debug|Any CPU
		{A848A988-CCF7-4995-BA62-9A348F8CC6D4}.Debug|Any CPU.Build.0 = Debug|Any CPU
		{A848A988-CCF7-4995-BA62-9A348F8CC6D4}.Release|Any CPU.ActiveCfg = Release|Any CPU
		{A848A988-CCF7-4995-BA62-9A348F8CC6D4}.Release|Any CPU.Build.0 = Release|Any CPU
		{94A6A8D7-5F1C-4DC8-86C1-69A8283120F5}.Debug|Any CPU.ActiveCfg = Debug|Any CPU
		{94A6A8D7-5F1C-4DC8-86C1-69A8283120F5}.Debug|Any CPU.Build.0 = Debug|Any CPU
		{94A6A8D7-5F1C-4DC8-86C1-69A8283120F5}.Release|Any CPU.ActiveCfg = Release|Any CPU
		{94A6A8D7-5F1C-4DC8-86C1-69A8283120F5}.Release|Any CPU.Build.0 = Release|Any CPU
	EndGlobalSection
	GlobalSection(NestedProjects) = preSolution
		{F1C3CDAA-BB70-419E-BE9C-03837F5B3331} = {388C6E6A-2F72-4B0C-ABC3-80A3C0929EEE}
		{A848A988-CCF7-4995-BA62-9A348F8CC6D4} = {388C6E6A-2F72-4B0C-ABC3-80A3C0929EEE}
		{94A6A8D7-5F1C-4DC8-86C1-69A8283120F5} = {CB88DC9E-935A-4466-9C47-2329ED5BA634}
	EndGlobalSection
EndGlobal
